
Microsoft Visual Studio Solution File, Format Version 12.00
# Visual Studio Version 17
VisualStudioVersion = 17.11.35312.102
MinimumVisualStudioVersion = 10.0.40219.1
Project("{F184B08F-C81C-45F6-A57F-5ABD9991F28F}") = "Rappel", "Rappel\Rappel.vbproj", "{F04426D7-E6E0-4B52-8D0E-7603C27E1F3A}"
EndProject
Project("{F184B08F-C81C-45F6-A57F-5ABD9991F28F}") = "LesExceptions", "LesExceptions\LesExceptions.vbproj", "{9A7076FB-81EC-4B20-9824-A31E9D289BBA}"
EndProject
Project("{F184B08F-C81C-45F6-A57F-5ABD9991F28F}") = "Heritage", "Heritage\Heritage.vbproj", "{415C7356-A9CC-46B8-B2E7-F95B040F4338}"
EndProject
Global
	GlobalSection(SolutionConfigurationPlatforms) = preSolution
		Debug|Any CPU = Debug|Any CPU
		Release|Any CPU = Release|Any CPU
	EndGlobalSection
	GlobalSection(ProjectConfigurationPlatforms) = postSolution
		{F04426D7-E6E0-4B52-8D0E-7603C27E1F3A}.Debug|Any CPU.ActiveCfg = Debug|Any CPU
		{F04426D7-E6E0-4B52-8D0E-7603C27E1F3A}.Debug|Any CPU.Build.0 = Debug|Any CPU
		{F04426D7-E6E0-4B52-8D0E-7603C27E1F3A}.Release|Any CPU.ActiveCfg = Release|Any CPU
		{F04426D7-E6E0-4B52-8D0E-7603C27E1F3A}.Release|Any CPU.Build.0 = Release|Any CPU
		{9A7076FB-81EC-4B20-9824-A31E9D289BBA}.Debug|Any CPU.ActiveCfg = Debug|Any CPU
		{9A7076FB-81EC-4B20-9824-A31E9D289BBA}.Debug|Any CPU.Build.0 = Debug|Any CPU
		{9A7076FB-81EC-4B20-9824-A31E9D289BBA}.Release|Any CPU.ActiveCfg = Release|Any CPU
		{9A7076FB-81EC-4B20-9824-A31E9D289BBA}.Release|Any CPU.Build.0 = Release|Any CPU
		{415C7356-A9CC-46B8-B2E7-F95B040F4338}.Debug|Any CPU.ActiveCfg = Debug|Any CPU
		{415C7356-A9CC-46B8-B2E7-F95B040F4338}.Debug|Any CPU.Build.0 = Debug|Any CPU
		{415C7356-A9CC-46B8-B2E7-F95B040F4338}.Release|Any CPU.ActiveCfg = Release|Any CPU
		{415C7356-A9CC-46B8-B2E7-F95B040F4338}.Release|Any CPU.Build.0 = Release|Any CPU
	EndGlobalSection
	GlobalSection(SolutionProperties) = preSolution
		HideSolutionNode = FALSE
	EndGlobalSection
	GlobalSection(ExtensibilityGlobals) = postSolution
		SolutionGuid = {C22A2AF1-B6C7-4083-A2ED-3C6CF5A368DA}
	EndGlobalSection
EndGlobal
